
Microsoft Visual Studio Solution File, Format Version 12.00
# Visual Studio Version 17
VisualStudioVersion = 17.14.36603.0
MinimumVisualStudioVersion = 10.0.40219.1
Project("{FAE04EC0-301F-11D3-BF4B-00C04F79EFBC}") = "WebApplication1 Test1", "WebApplication1 Test1\WebApplication1 Test1.csproj", "{AE647A87-BCA8-4D51-BB27-9A573CD70107}"
EndProject
Project("{2150E333-8FDC-42A3-9474-1A3956D46DE8}") = "Solution Items", "Solution Items", "{8EC462FD-D22E-90A8-E5CE-7E832BA40C5D}"
	ProjectSection(SolutionItems) = preProject
		.gitignore = .gitignore
	EndProjectSection
EndProject
Global
	GlobalSection(SolutionConfigurationPlatforms) = preSolution
		Debug|Any CPU = Debug|Any CPU
		Release|Any CPU = Release|Any CPU
	EndGlobalSection
	GlobalSection(ProjectConfigurationPlatforms) = postSolution
		{AE647A87-BCA8-4D51-BB27-9A573CD70107}.Debug|Any CPU.ActiveCfg = Debug|Any CPU
		{AE647A87-BCA8-4D51-BB27-9A573CD70107}.Debug|Any CPU.Build.0 = Debug|Any CPU
		{AE647A87-BCA8-4D51-BB27-9A573CD70107}.Release|Any CPU.ActiveCfg = Release|Any CPU
		{AE647A87-BCA8-4D51-BB27-9A573CD70107}.Release|Any CPU.Build.0 = Release|Any CPU
	EndGlobalSection
	GlobalSection(SolutionProperties) = preSolution
		HideSolutionNode = FALSE
	EndGlobalSection
	GlobalSection(ExtensibilityGlobals) = postSolution
		SolutionGuid = {63D2417D-7668-47A3-8345-D9190D007FA7}
	EndGlobalSection
EndGlobal
